
Microsoft Visual Studio Solution File, Format Version 12.00
# Visual Studio 15
VisualStudioVersion = 15.0.28307.705
MinimumVisualStudioVersion = 10.0.40219.1
Project("{FAE04EC0-301F-11D3-BF4B-00C04F79EFBC}") = "ElasticLite.Client", "ElasticLite.Client\ElasticLite.Client.csproj", "{EB9B5530-412C-41D9-971E-727835408723}"
EndProject
Global
	GlobalSection(SolutionConfigurationPlatforms) = preSolution
		Debug|Any CPU = Debug|Any CPU
		Release|Any CPU = Release|Any CPU
	EndGlobalSection
	GlobalSection(ProjectConfigurationPlatforms) = postSolution
		{EB9B5530-412C-41D9-971E-727835408723}.Debug|Any CPU.ActiveCfg = Debug|Any CPU
		{EB9B5530-412C-41D9-971E-727835408723}.Debug|Any CPU.Build.0 = Debug|Any CPU
		{EB9B5530-412C-41D9-971E-727835408723}.Release|Any CPU.ActiveCfg = Release|Any CPU
		{EB9B5530-412C-41D9-971E-727835408723}.Release|Any CPU.Build.0 = Release|Any CPU
	EndGlobalSection
	GlobalSection(SolutionProperties) = preSolution
		HideSolutionNode = FALSE
	EndGlobalSection
	GlobalSection(ExtensibilityGlobals) = postSolution
		SolutionGuid = {06619AFC-EE16-4012-98C6-17586F88C756}
	EndGlobalSection
EndGlobal
